version = 1
revision = 3
requires-python = ">=3.13"
resolution-markers = [
    "python_full_version < '3.14'",
    "python_full_version == '3.14.*'",
]
supported-markers = [
    "python_full_version < '3.14'",
    "python_full_version == '3.14.*'",
]

[manifest]
members = [
    "bibleorgsys",
    "bibleorgsys-rust",
]

[[package]]
name = "bibleorgsys"
version = "0.1.0"
source = { editable = "." }
dependencies = [
    { name = "bibleorgsys-rust", marker = "python_full_version < '3.15'" },
]

[package.metadata]
requires-dist = [{ name = "bibleorgsys-rust", editable = "Rust/bible_organisational_system" }]

[[package]]
name = "bibleorgsys-rust"
source = { editable = "Rust/bible_organisational_system" }
